
Microsoft Visual Studio Solution File, Format Version 12.00
# Visual Studio 15
VisualStudioVersion = 15.0.27004.2005
MinimumVisualStudioVersion = 10.0.40219.1
Project("{FAE04EC0-301F-11D3-BF4B-00C04F79EFBC}") = "mana.Foundation", "mana.Foundation\mana.Foundation.csproj", "{58D5FD90-F169-4363-B5A5-D633E2F69158}"
EndProject
Project("{FAE04EC0-301F-11D3-BF4B-00C04F79EFBC}") = "mana.ClassGen", "mana.ClassGen\mana.ClassGen.csproj", "{357761D7-9D8C-42AE-BF30-0E2AE614DEFA}"
EndProject
Project("{9A19103F-16F7-4668-BE54-9A1E7A4F7556}") = "mana.Server.Test", "mana.Server.Test\mana.Server.Test.csproj", "{53720AA4-8638-4593-9C19-E4ADE9E1813B}"
EndProject
Project("{FAE04EC0-301F-11D3-BF4B-00C04F79EFBC}") = "mana.Test.Client", "mana.Test.Client\mana.Test.Client.csproj", "{6B1A43AC-5C63-41B7-AC5F-7611E893499F}"
EndProject
Project("{9A19103F-16F7-4668-BE54-9A1E7A4F7556}") = "mana.Server.Battle", "mana.Server.Battle\mana.Server.Battle.csproj", "{9DEFBE91-03E5-4824-A8A2-AF89EE37C196}"
EndProject
Project("{9A19103F-16F7-4668-BE54-9A1E7A4F7556}") = "mana.Server.Game", "mana.Server.Game\mana.Server.Game.csproj", "{9DEF5289-99F9-4CFF-9036-4B80541672A3}"
EndProject
Project("{FAE04EC0-301F-11D3-BF4B-00C04F79EFBC}") = "mana.Game.BattleSystem", "mana.Game.BattleSystem\mana.Game.BattleSystem.csproj", "{C063A433-472F-40C2-B01B-C698911A3C77}"
EndProject
Project("{FAE04EC0-301F-11D3-BF4B-00C04F79EFBC}") = "mana.Network.UDP", "mana.Network.UDP\mana.Network.UDP.csproj", "{C4F7E9CA-43A8-487F-B6A0-8B131755B97F}"
EndProject
Project("{FAE04EC0-301F-11D3-BF4B-00C04F79EFBC}") = "mana.Network.TCP", "mana.Network.TCP\mana.Network.TCP.csproj", "{0ECA6AD7-8642-405C-A5ED-64DA214FB859}"
EndProject
Global
	GlobalSection(SolutionConfigurationPlatforms) = preSolution
		Debug|Any CPU = Debug|Any CPU
		Debug|x86 = Debug|x86
		Release|Any CPU = Release|Any CPU
		Release|x86 = Release|x86
	EndGlobalSection
	GlobalSection(ProjectConfigurationPlatforms) = postSolution
		{58D5FD90-F169-4363-B5A5-D633E2F69158}.Debug|Any CPU.ActiveCfg = Debug|Any CPU
		{58D5FD90-F169-4363-B5A5-D633E2F69158}.Debug|Any CPU.Build.0 = Debug|Any CPU
		{58D5FD90-F169-4363-B5A5-D633E2F69158}.Debug|x86.ActiveCfg = Debug|Any CPU
		{58D5FD90-F169-4363-B5A5-D633E2F69158}.Debug|x86.Build.0 = Debug|Any CPU
		{58D5FD90-F169-4363-B5A5-D633E2F69158}.Release|Any CPU.ActiveCfg = Release|Any CPU
		{58D5FD90-F169-4363-B5A5-D633E2F69158}.Release|Any CPU.Build.0 = Release|Any CPU
		{58D5FD90-F169-4363-B5A5-D633E2F69158}.Release|x86.ActiveCfg = Release|Any CPU
		{58D5FD90-F169-4363-B5A5-D633E2F69158}.Release|x86.Build.0 = Release|Any CPU
		{357761D7-9D8C-42AE-BF30-0E2AE614DEFA}.Debug|Any CPU.ActiveCfg = Debug|x86
		{357761D7-9D8C-42AE-BF30-0E2AE614DEFA}.Debug|Any CPU.Build.0 = Debug|x86
		{357761D7-9D8C-42AE-BF30-0E2AE614DEFA}.Debug|x86.ActiveCfg = Debug|x86
		{357761D7-9D8C-42AE-BF30-0E2AE614DEFA}.Debug|x86.Build.0 = Debug|x86
		{357761D7-9D8C-42AE-BF30-0E2AE614DEFA}.Release|Any CPU.ActiveCfg = Release|x86
		{357761D7-9D8C-42AE-BF30-0E2AE614DEFA}.Release|x86.ActiveCfg = Release|x86
		{357761D7-9D8C-42AE-BF30-0E2AE614DEFA}.Release|x86.Build.0 = Release|x86
		{53720AA4-8638-4593-9C19-E4ADE9E1813B}.Debug|Any CPU.ActiveCfg = Debug|Any CPU
		{53720AA4-8638-4593-9C19-E4ADE9E1813B}.Debug|Any CPU.Build.0 = Debug|Any CPU
		{53720AA4-8638-4593-9C19-E4ADE9E1813B}.Debug|x86.ActiveCfg = Debug|Any CPU
		{53720AA4-8638-4593-9C19-E4ADE9E1813B}.Debug|x86.Build.0 = Debug|Any CPU
		{53720AA4-8638-4593-9C19-E4ADE9E1813B}.Release|Any CPU.ActiveCfg = Release|Any CPU
		{53720AA4-8638-4593-9C19-E4ADE9E1813B}.Release|Any CPU.Build.0 = Release|Any CPU
		{53720AA4-8638-4593-9C19-E4ADE9E1813B}.Release|x86.ActiveCfg = Release|Any CPU
		{53720AA4-8638-4593-9C19-E4ADE9E1813B}.Release|x86.Build.0 = Release|Any CPU
		{6B1A43AC-5C63-41B7-AC5F-7611E893499F}.Debug|Any CPU.ActiveCfg = Debug|Any CPU
		{6B1A43AC-5C63-41B7-AC5F-7611E893499F}.Debug|Any CPU.Build.0 = Debug|Any CPU
		{6B1A43AC-5C63-41B7-AC5F-7611E893499F}.Debug|x86.ActiveCfg = Debug|Any CPU
		{6B1A43AC-5C63-41B7-AC5F-7611E893499F}.Debug|x86.Build.0 = Debug|Any CPU
		{6B1A43AC-5C63-41B7-AC5F-7611E893499F}.Release|Any CPU.ActiveCfg = Release|Any CPU
		{6B1A43AC-5C63-41B7-AC5F-7611E893499F}.Release|Any CPU.Build.0 = Release|Any CPU
		{6B1A43AC-5C63-41B7-AC5F-7611E893499F}.Release|x86.ActiveCfg = Release|Any CPU
		{6B1A43AC-5C63-41B7-AC5F-7611E893499F}.Release|x86.Build.0 = Release|Any CPU
		{9DEFBE91-03E5-4824-A8A2-AF89EE37C196}.Debug|Any CPU.ActiveCfg = Debug|Any CPU
		{9DEFBE91-03E5-4824-A8A2-AF89EE37C196}.Debug|Any CPU.Build.0 = Debug|Any CPU
		{9DEFBE91-03E5-4824-A8A2-AF89EE37C196}.Debug|x86.ActiveCfg = Debug|Any CPU
		{9DEFBE91-03E5-4824-A8A2-AF89EE37C196}.Debug|x86.Build.0 = Debug|Any CPU
		{9DEFBE91-03E5-4824-A8A2-AF89EE37C196}.Release|Any CPU.ActiveCfg = Release|Any CPU
		{9DEFBE91-03E5-4824-A8A2-AF89EE37C196}.Release|Any CPU.Build.0 = Release|Any CPU
		{9DEFBE91-03E5-4824-A8A2-AF89EE37C196}.Release|x86.ActiveCfg = Release|Any CPU
		{9DEFBE91-03E5-4824-A8A2-AF89EE37C196}.Release|x86.Build.0 = Release|Any CPU
		{9DEF5289-99F9-4CFF-9036-4B80541672A3}.Debug|Any CPU.ActiveCfg = Debug|Any CPU
		{9DEF5289-99F9-4CFF-9036-4B80541672A3}.Debug|Any CPU.Build.0 = Debug|Any CPU
		{9DEF5289-99F9-4CFF-9036-4B80541672A3}.Debug|x86.ActiveCfg = Debug|Any CPU
		{9DEF5289-99F9-4CFF-9036-4B80541672A3}.Debug|x86.Build.0 = Debug|Any CPU
		{9DEF5289-99F9-4CFF-9036-4B80541672A3}.Release|Any CPU.ActiveCfg = Release|Any CPU
		{9DEF5289-99F9-4CFF-9036-4B80541672A3}.Release|Any CPU.Build.0 = Release|Any CPU
		{9DEF5289-99F9-4CFF-9036-4B80541672A3}.Release|x86.ActiveCfg = Release|Any CPU
		{9DEF5289-99F9-4CFF-9036-4B80541672A3}.Release|x86.Build.0 = Release|Any CPU
		{C063A433-472F-40C2-B01B-C698911A3C77}.Debug|Any CPU.ActiveCfg = Debug|Any CPU
		{C063A433-472F-40C2-B01B-C698911A3C77}.Debug|Any CPU.Build.0 = Debug|Any CPU
		{C063A433-472F-40C2-B01B-C698911A3C77}.Debug|x86.ActiveCfg = Debug|Any CPU
		{C063A433-472F-40C2-B01B-C698911A3C77}.Debug|x86.Build.0 = Debug|Any CPU
		{C063A433-472F-40C2-B01B-C698911A3C77}.Release|Any CPU.ActiveCfg = Release|Any CPU
		{C063A433-472F-40C2-B01B-C698911A3C77}.Release|Any CPU.Build.0 = Release|Any CPU
		{C063A433-472F-40C2-B01B-C698911A3C77}.Release|x86.ActiveCfg = Release|Any CPU
		{C063A433-472F-40C2-B01B-C698911A3C77}.Release|x86.Build.0 = Release|Any CPU
		{C4F7E9CA-43A8-487F-B6A0-8B131755B97F}.Debug|Any CPU.ActiveCfg = Debug|Any CPU
		{C4F7E9CA-43A8-487F-B6A0-8B131755B97F}.Debug|Any CPU.Build.0 = Debug|Any CPU
		{C4F7E9CA-43A8-487F-B6A0-8B131755B97F}.Debug|x86.ActiveCfg = Debug|Any CPU
		{C4F7E9CA-43A8-487F-B6A0-8B131755B97F}.Debug|x86.Build.0 = Debug|Any CPU
		{C4F7E9CA-43A8-487F-B6A0-8B131755B97F}.Release|Any CPU.ActiveCfg = Release|Any CPU
		{C4F7E9CA-43A8-487F-B6A0-8B131755B97F}.Release|Any CPU.Build.0 = Release|Any CPU
		{C4F7E9CA-43A8-487F-B6A0-8B131755B97F}.Release|x86.ActiveCfg = Release|Any CPU
		{C4F7E9CA-43A8-487F-B6A0-8B131755B97F}.Release|x86.Build.0 = Release|Any CPU
		{0ECA6AD7-8642-405C-A5ED-64DA214FB859}.Debug|Any CPU.ActiveCfg = Debug|Any CPU
		{0ECA6AD7-8642-405C-A5ED-64DA214FB859}.Debug|Any CPU.Build.0 = Debug|Any CPU
		{0ECA6AD7-8642-405C-A5ED-64DA214FB859}.Debug|x86.ActiveCfg = Debug|Any CPU
		{0ECA6AD7-8642-405C-A5ED-64DA214FB859}.Debug|x86.Build.0 = Debug|Any CPU
		{0ECA6AD7-8642-405C-A5ED-64DA214FB859}.Release|Any CPU.ActiveCfg = Release|Any CPU
		{0ECA6AD7-8642-405C-A5ED-64DA214FB859}.Release|Any CPU.Build.0 = Release|Any CPU
		{0ECA6AD7-8642-405C-A5ED-64DA214FB859}.Release|x86.ActiveCfg = Release|Any CPU
		{0ECA6AD7-8642-405C-A5ED-64DA214FB859}.Release|x86.Build.0 = Release|Any CPU
	EndGlobalSection
	GlobalSection(SolutionProperties) = preSolution
		HideSolutionNode = FALSE
	EndGlobalSection
	GlobalSection(ExtensibilityGlobals) = postSolution
		SolutionGuid = {D24FA9F5-DF12-42F9-99B6-39BDB48FB5AB}
	EndGlobalSection
EndGlobal
